// !$*UTF8*$!
{
	archiveVersion = 1;
	classes = {
	};
	objectVersion = 60;
	objects = {

/* Begin PBXBuildFile section */
		EF8A03000000000000000001 /* AppDelegate.swift in Sources */ = {isa = PBXBuildFile; fileRef = EF8A02000000000000000001 /* AppDelegate.swift */; };
		EF8A03000000000000000002 /* BrowserController.swift in Sources */ = {isa = PBXBuildFile; fileRef = EF8A02000000000000000002 /* BrowserController.swift */; };
		EF8A03000000000000000003 /* BrowserModel.swift in Sources */ = {isa = PBXBuildFile; fileRef = EF8A02000000000000000003 /* BrowserModel.swift */; };
		EF8A03000000000000000004 /* ContentView.swift in Sources */ = {isa = PBXBuildFile; fileRef = EF8A02000000000000000004 /* ContentView.swift */; };
		EF8A03000000000000000005 /* IndexEngineApp.swift in Sources */ = {isa = PBXBuildFile; fileRef = EF8A02000000000000000005 /* IndexEngineApp.swift */; };
		EF8A03000000000000000006 /* LocalAssetServer.swift in Sources */ = {isa = PBXBuildFile; fileRef = EF8A02000000000000000006 /* LocalAssetServer.swift */; };
		EF8A03000000000000000007 /* NSAlert+IndexEngine.swift in Sources */ = {isa = PBXBuildFile; fileRef = EF8A02000000000000000007 /* NSAlert+IndexEngine.swift */; };
		EF8A03000000000000000008 /* WebBrowserView.swift in Sources */ = {isa = PBXBuildFile; fileRef = EF8A02000000000000000008 /* WebBrowserView.swift */; };
		EF8A0300000000000000000B /* Assets.xcassets in Resources */ = {isa = PBXBuildFile; fileRef = EF8A0200000000000000000B /* Assets.xcassets */; };
		EF8A0300000000000000000C /* www in Resources */ = {isa = PBXBuildFile; fileRef = EF8A0200000000000000000C /* www */; };
/* End PBXBuildFile section */

/* Begin PBXFileReference section */
		EF8A01000000000000000006 /* IndexEngine.app */ = {isa = PBXFileReference; explicitFileType = wrapper.application; includeInIndex = 0; path = IndexEngine.app; sourceTree = BUILT_PRODUCTS_DIR; };
		EF8A02000000000000000001 /* AppDelegate.swift */ = {isa = PBXFileReference; lastKnownFileType = sourcecode.swift; path = AppDelegate.swift; sourceTree = "<group>"; };
		EF8A02000000000000000002 /* BrowserController.swift */ = {isa = PBXFileReference; lastKnownFileType = sourcecode.swift; path = BrowserController.swift; sourceTree = "<group>"; };
		EF8A02000000000000000003 /* BrowserModel.swift */ = {isa = PBXFileReference; lastKnownFileType = sourcecode.swift; path = BrowserModel.swift; sourceTree = "<group>"; };
		EF8A02000000000000000004 /* ContentView.swift */ = {isa = PBXFileReference; lastKnownFileType = sourcecode.swift; path = ContentView.swift; sourceTree = "<group>"; };
		EF8A02000000000000000005 /* IndexEngineApp.swift */ = {isa = PBXFileReference; lastKnownFileType = sourcecode.swift; path = IndexEngineApp.swift; sourceTree = "<group>"; };
		EF8A02000000000000000006 /* LocalAssetServer.swift */ = {isa = PBXFileReference; lastKnownFileType = sourcecode.swift; path = LocalAssetServer.swift; sourceTree = "<group>"; };
		EF8A02000000000000000007 /* NSAlert+IndexEngine.swift */ = {isa = PBXFileReference; lastKnownFileType = sourcecode.swift; path = "NSAlert+IndexEngine.swift"; sourceTree = "<group>"; };
		EF8A02000000000000000008 /* WebBrowserView.swift */ = {isa = PBXFileReference; lastKnownFileType = sourcecode.swift; path = WebBrowserView.swift; sourceTree = "<group>"; };
		EF8A02000000000000000009 /* Info.plist */ = {isa = PBXFileReference; lastKnownFileType = text.plist.xml; path = Info.plist; sourceTree = "<group>"; };
		EF8A0200000000000000000A /* IndexEngine.entitlements */ = {isa = PBXFileReference; lastKnownFileType = text.plist.entitlements; path = IndexEngine.entitlements; sourceTree = "<group>"; };
		EF8A0200000000000000000B /* Assets.xcassets */ = {isa = PBXFileReference; lastKnownFileType = folder.assetcatalog; path = Assets.xcassets; sourceTree = "<group>"; };
		EF8A0200000000000000000C /* www */ = {isa = PBXFileReference; lastKnownFileType = folder; path = www; sourceTree = "<group>"; };
/* End PBXFileReference section */

/* Begin PBXFrameworksBuildPhase section */
		EF8A01000000000000000009 /* Frameworks */ = {
			isa = PBXFrameworksBuildPhase;
			buildActionMask = 2147483647;
			files = (
			);
			runOnlyForDeploymentPostprocessing = 0;
		};
/* End PBXFrameworksBuildPhase section */

/* Begin PBXGroup section */
		EF8A01000000000000000002 = {
			isa = PBXGroup;
			children = (
				EF8A01000000000000000004 /* IndexEngine */,
				EF8A01000000000000000003 /* Products */,
			);
			sourceTree = "<group>";
		};
		EF8A01000000000000000003 /* Products */ = {
			isa = PBXGroup;
			children = (
				EF8A01000000000000000006 /* IndexEngine.app */,
			);
			name = Products;
			sourceTree = "<group>";
		};
		EF8A01000000000000000004 /* IndexEngine */ = {
			isa = PBXGroup;
			children = (
				EF8A02000000000000000009 /* Info.plist */,
				EF8A0200000000000000000A /* IndexEngine.entitlements */,
				EF8A0200000000000000000B /* Assets.xcassets */,
				EF8A02000000000000000005 /* IndexEngineApp.swift */,
				EF8A02000000000000000001 /* AppDelegate.swift */,
				EF8A02000000000000000004 /* ContentView.swift */,
				EF8A02000000000000000008 /* WebBrowserView.swift */,
				EF8A02000000000000000002 /* BrowserController.swift */,
				EF8A02000000000000000003 /* BrowserModel.swift */,
				EF8A02000000000000000006 /* LocalAssetServer.swift */,
				EF8A02000000000000000007 /* NSAlert+IndexEngine.swift */,
				EF8A01000000000000000005 /* Resources */,
			);
			path = IndexEngine;
			sourceTree = "<group>";
		};
		EF8A01000000000000000005 /* Resources */ = {
			isa = PBXGroup;
			children = (
				EF8A0200000000000000000C /* www */,
			);
			path = Resources;
			sourceTree = "<group>";
		};
/* End PBXGroup section */

/* Begin PBXNativeTarget section */
		EF8A01000000000000000007 /* IndexEngine */ = {
			isa = PBXNativeTarget;
			buildConfigurationList = EF8A01000000000000000010 /* Build configuration list for PBXNativeTarget "IndexEngine" */;
			buildPhases = (
				EF8A01000000000000000008 /* Sources */,
				EF8A01000000000000000009 /* Frameworks */,
				EF8A0100000000000000000A /* Resources */,
			);
			buildRules = (
			);
			dependencies = (
			);
			name = IndexEngine;
			productName = IndexEngine;
			productReference = EF8A01000000000000000006 /* IndexEngine.app */;
			productType = "com.apple.product-type.application";
		};
/* End PBXNativeTarget section */

/* Begin PBXProject section */
		EF8A01000000000000000001 /* Project object */ = {
			isa = PBXProject;
			attributes = {
				LastSwiftUpdateCheck = 2600;
				LastUpgradeCheck = 2600;
				TargetAttributes = {
					EF8A01000000000000000007 = {
						CreatedOnToolsVersion = 16.0;
						ProvisioningStyle = Automatic;
					};
				};
			};
			buildConfigurationList = EF8A0100000000000000000F /* Build configuration list for PBXProject "IndexEngine" */;
			compatibilityVersion = "Xcode 14.0";
			developmentRegion = en;
			hasScannedForEncodings = 0;
			knownRegions = (
				en,
				Base,
			);
			mainGroup = EF8A01000000000000000002;
			productRefGroup = EF8A01000000000000000003 /* Products */;
			projectDirPath = "";
			projectRoot = "";
			targets = (
				EF8A01000000000000000007 /* IndexEngine */,
			);
		};
/* End PBXProject section */

/* Begin PBXResourcesBuildPhase section */
		EF8A0100000000000000000A /* Resources */ = {
			isa = PBXResourcesBuildPhase;
			buildActionMask = 2147483647;
			files = (
				EF8A0300000000000000000C /* www in Resources */,
				EF8A0300000000000000000B /* Assets.xcassets in Resources */,
			);
			runOnlyForDeploymentPostprocessing = 0;
		};
/* End PBXResourcesBuildPhase section */

/* Begin PBXSourcesBuildPhase section */
		EF8A01000000000000000008 /* Sources */ = {
			isa = PBXSourcesBuildPhase;
			buildActionMask = 2147483647;
			files = (
				EF8A03000000000000000005 /* IndexEngineApp.swift in Sources */,
				EF8A03000000000000000001 /* AppDelegate.swift in Sources */,
				EF8A03000000000000000004 /* ContentView.swift in Sources */,
				EF8A03000000000000000008 /* WebBrowserView.swift in Sources */,
				EF8A03000000000000000002 /* BrowserController.swift in Sources */,
				EF8A03000000000000000003 /* BrowserModel.swift in Sources */,
				EF8A03000000000000000006 /* LocalAssetServer.swift in Sources */,
				EF8A03000000000000000007 /* NSAlert+IndexEngine.swift in Sources */,
			);
			runOnlyForDeploymentPostprocessing = 0;
		};
/* End PBXSourcesBuildPhase section */

/* Begin XCBuildConfiguration section */
		EF8A0100000000000000000B /* Debug */ = {
			isa = XCBuildConfiguration;
			buildSettings = {
				ALWAYS_SEARCH_USER_PATHS = NO;
				ARCHS = "arm64 x86_64";
				CLANG_ANALYZER_NONNULL = YES;
				CLANG_ANALYZER_NUMBER_OBJECT_CONVERSION = YES_AGGRESSIVE;
				CLANG_CXX_LANGUAGE_STANDARD = "gnu++20";
				CLANG_ENABLE_MODULES = YES;
				CLANG_ENABLE_OBJC_ARC = YES;
				CLANG_ENABLE_OBJC_WEAK = YES;
				CLANG_WARN_BLOCK_CAPTURE_AUTORELEASING = YES;
				CLANG_WARN_BOOL_CONVERSION = YES;
				CLANG_WARN_COMMA = YES;
				CLANG_WARN_CONSTANT_CONVERSION = YES;
				CLANG_WARN_DEPRECATED_OBJC_IMPLEMENTATIONS = YES;
				CLANG_WARN_DIRECT_OBJC_ISA_USAGE = YES_ERROR;
				CLANG_WARN_DOCUMENTATION_COMMENTS = YES;
				CLANG_WARN_EMPTY_BODY = YES;
				CLANG_WARN_ENUM_CONVERSION = YES;
				CLANG_WARN_INFINITE_RECURSION = YES;
				CLANG_WARN_INT_CONVERSION = YES;
				CLANG_WARN_NON_LITERAL_NULL_CONVERSION = YES;
				CLANG_WARN_OBJC_IMPLICIT_RETAIN_SELF = YES;
				CLANG_WARN_OBJC_LITERAL_CONVERSION = YES;
				CLANG_WARN_OBJC_ROOT_CLASS = YES_ERROR;
				CLANG_WARN_QUOTED_INCLUDE_IN_FRAMEWORK_HEADER = YES;
				CLANG_WARN_RANGE_LOOP_ANALYSIS = YES;
				CLANG_WARN_STRICT_PROTOTYPES = YES;
				CLANG_WARN_SUSPICIOUS_MOVE = YES;
				CLANG_WARN_UNGUARDED_AVAILABILITY = YES_AGGRESSIVE;
				CLANG_WARN_UNREACHABLE_CODE = YES;
				CLANG_WARN__DUPLICATE_METHOD_MATCH = YES;
				CODE_SIGN_IDENTITY = "-";
				COPY_PHASE_STRIP = NO;
				DEAD_CODE_STRIPPING = YES;
				DEBUG_INFORMATION_FORMAT = dwarf;
				ENABLE_STRICT_OBJC_MSGSEND = YES;
				ENABLE_TESTABILITY = YES;
				ENABLE_USER_SCRIPT_SANDBOXING = YES;
				GCC_C_LANGUAGE_STANDARD = gnu17;
				GCC_DYNAMIC_NO_PIC = NO;
				GCC_NO_COMMON_BLOCKS = YES;
				GCC_OPTIMIZATION_LEVEL = 0;
				GCC_PREPROCESSOR_DEFINITIONS = (
					"DEBUG=1",
					"$(inherited)",
				);
				GCC_WARN_64_TO_32_BIT_CONVERSION = YES;
				GCC_WARN_ABOUT_RETURN_TYPE = YES_ERROR;
				GCC_WARN_UNDECLARED_SELECTOR = YES;
				GCC_WARN_UNINITIALIZED_AUTOS = YES_AGGRESSIVE;
				GCC_WARN_UNUSED_FUNCTION = YES;
				GCC_WARN_UNUSED_VARIABLE = YES;
				MACOSX_DEPLOYMENT_TARGET = 13.0;
				MTL_ENABLE_DEBUG_INFO = INCLUDE_SOURCE;
				MTL_FAST_MATH = YES;
				ONLY_ACTIVE_ARCH = YES;
				SDKROOT = macosx;
				SWIFT_ACTIVE_COMPILATION_CONDITIONS = "DEBUG $(inherited)";
				SWIFT_OPTIMIZATION_LEVEL = "-Onone";
				SWIFT_STRICT_CONCURRENCY = minimal;
			};
			name = Debug;
		};
		EF8A0100000000000000000C /* Release */ = {
			isa = XCBuildConfiguration;
			buildSettings = {
				ALWAYS_SEARCH_USER_PATHS = NO;
				ARCHS = "arm64 x86_64";
				CLANG_ANALYZER_NONNULL = YES;
				CLANG_ANALYZER_NUMBER_OBJECT_CONVERSION = YES_AGGRESSIVE;
				CLANG_CXX_LANGUAGE_STANDARD = "gnu++20";
				CLANG_ENABLE_MODULES = YES;
				CLANG_ENABLE_OBJC_ARC = YES;
				CLANG_ENABLE_OBJC_WEAK = YES;
				CLANG_WARN_BLOCK_CAPTURE_AUTORELEASING = YES;
				CLANG_WARN_BOOL_CONVERSION = YES;
				CLANG_WARN_COMMA = YES;
				CLANG_WARN_CONSTANT_CONVERSION = YES;
				CLANG_WARN_DEPRECATED_OBJC_IMPLEMENTATIONS = YES;
				CLANG_WARN_DIRECT_OBJC_ISA_USAGE = YES_ERROR;
				CLANG_WARN_DOCUMENTATION_COMMENTS = YES;
				CLANG_WARN_EMPTY_BODY = YES;
				CLANG_WARN_ENUM_CONVERSION = YES;
				CLANG_WARN_INFINITE_RECURSION = YES;
				CLANG_WARN_INT_CONVERSION = YES;
				CLANG_WARN_NON_LITERAL_NULL_CONVERSION = YES;
				CLANG_WARN_OBJC_IMPLICIT_RETAIN_SELF = YES;
				CLANG_WARN_OBJC_LITERAL_CONVERSION = YES;
				CLANG_WARN_OBJC_ROOT_CLASS = YES_ERROR;
				CLANG_WARN_QUOTED_INCLUDE_IN_FRAMEWORK_HEADER = YES;
				CLANG_WARN_RANGE_LOOP_ANALYSIS = YES;
				CLANG_WARN_STRICT_PROTOTYPES = YES;
				CLANG_WARN_SUSPICIOUS_MOVE = YES;
				CLANG_WARN_UNGUARDED_AVAILABILITY = YES_AGGRESSIVE;
				CLANG_WARN_UNREACHABLE_CODE = YES;
				CLANG_WARN__DUPLICATE_METHOD_MATCH = YES;
				CODE_SIGN_IDENTITY = "-";
				COPY_PHASE_STRIP = NO;
				DEAD_CODE_STRIPPING = YES;
				DEBUG_INFORMATION_FORMAT = "dwarf-with-dsym";
				ENABLE_NS_ASSERTIONS = NO;
				ENABLE_STRICT_OBJC_MSGSEND = YES;
				ENABLE_USER_SCRIPT_SANDBOXING = YES;
				GCC_C_LANGUAGE_STANDARD = gnu17;
				GCC_NO_COMMON_BLOCKS = YES;
				GCC_WARN_64_TO_32_BIT_CONVERSION = YES;
				GCC_WARN_ABOUT_RETURN_TYPE = YES_ERROR;
				GCC_WARN_UNDECLARED_SELECTOR = YES;
				GCC_WARN_UNINITIALIZED_AUTOS = YES_AGGRESSIVE;
				GCC_WARN_UNUSED_FUNCTION = YES;
				GCC_WARN_UNUSED_VARIABLE = YES;
				MACOSX_DEPLOYMENT_TARGET = 13.0;
				MTL_ENABLE_DEBUG_INFO = NO;
				MTL_FAST_MATH = YES;
				ONLY_ACTIVE_ARCH = NO;
				SDKROOT = macosx;
				SWIFT_COMPILATION_MODE = wholemodule;
				SWIFT_STRICT_CONCURRENCY = minimal;
			};
			name = Release;
		};
		EF8A0100000000000000000D /* Debug */ = {
			isa = XCBuildConfiguration;
			buildSettings = {
				ASSETCATALOG_COMPILER_APPICON_NAME = AppIcon;
				CODE_SIGN_ENTITLEMENTS = IndexEngine/IndexEngine.entitlements;
				CODE_SIGN_STYLE = Automatic;
				COMBINE_HIDPI_IMAGES = YES;
				CURRENT_PROJECT_VERSION = 90101;
				ENABLE_HARDENED_RUNTIME = YES;
				GENERATE_INFOPLIST_FILE = NO;
				INFOPLIST_FILE = IndexEngine/Info.plist;
				LD_RUNPATH_SEARCH_PATHS = (
					"$(inherited)",
					"@executable_path/../Frameworks",
				);
				MACOSX_DEPLOYMENT_TARGET = 13.0;
				MARKETING_VERSION = 9.1.0.1;
				PRODUCT_BUNDLE_IDENTIFIER = org.efnai.indexengine;
				PRODUCT_NAME = "$(TARGET_NAME)";
				SWIFT_ACTIVE_COMPILATION_CONDITIONS = "DEBUG $(inherited)";
				SWIFT_EMIT_LOC_STRINGS = YES;
				SWIFT_VERSION = 5.0;
			};
			name = Debug;
		};
		EF8A0100000000000000000E /* Release */ = {
			isa = XCBuildConfiguration;
			buildSettings = {
				ASSETCATALOG_COMPILER_APPICON_NAME = AppIcon;
				CODE_SIGN_ENTITLEMENTS = IndexEngine/IndexEngine.entitlements;
				CODE_SIGN_STYLE = Automatic;
				COMBINE_HIDPI_IMAGES = YES;
				CURRENT_PROJECT_VERSION = 90101;
				ENABLE_HARDENED_RUNTIME = YES;
				GENERATE_INFOPLIST_FILE = NO;
				INFOPLIST_FILE = IndexEngine/Info.plist;
				LD_RUNPATH_SEARCH_PATHS = (
					"$(inherited)",
					"@executable_path/../Frameworks",
				);
				MACOSX_DEPLOYMENT_TARGET = 13.0;
				MARKETING_VERSION = 9.1.0.1;
				PRODUCT_BUNDLE_IDENTIFIER = org.efnai.indexengine;
				PRODUCT_NAME = "$(TARGET_NAME)";
				SWIFT_EMIT_LOC_STRINGS = YES;
				SWIFT_VERSION = 5.0;
			};
			name = Release;
		};
/* End XCBuildConfiguration section */

/* Begin XCConfigurationList section */
		EF8A0100000000000000000F /* Build configuration list for PBXProject "IndexEngine" */ = {
			isa = XCConfigurationList;
			buildConfigurations = (
				EF8A0100000000000000000B /* Debug */,
				EF8A0100000000000000000C /* Release */,
			);
			defaultConfigurationIsVisible = 0;
			defaultConfigurationName = Release;
		};
		EF8A01000000000000000010 /* Build configuration list for PBXNativeTarget "IndexEngine" */ = {
			isa = XCConfigurationList;
			buildConfigurations = (
				EF8A0100000000000000000D /* Debug */,
				EF8A0100000000000000000E /* Release */,
			);
			defaultConfigurationIsVisible = 0;
			defaultConfigurationName = Release;
		};
/* End XCConfigurationList section */
	};
	rootObject = EF8A01000000000000000001 /* Project object */;
}
